{
  "requires": true,
  "lockfileVersion": 1,
  "dependencies": {
    "react-spinners": {
      "version": "0.13.8",
      "resolved": "https://registry.npmjs.org/react-spinners/-/react-spinners-0.13.8.tgz",
      "integrity": "sha512-3e+k56lUkPj0vb5NDXPVFAOkPC//XyhKPJjvcGjyMNPWsBKpplfeyialP74G7H7+It7KzhtET+MvGqbKgAqpZA=="
    }
  }
}
